
Microsoft Visual Studio Solution File, Format Version 12.00
# Visual Studio 15
VisualStudioVersion = 15.0.27130.0
MinimumVisualStudioVersion = 10.0.40219.1
Project("{FAE04EC0-301F-11D3-BF4B-00C04F79EFBC}") = "GensToForcesSETConverter", "GensToForcesSETConverter.csproj", "{31680D6E-063A-45B9-B55A-A814E2368685}"
EndProject
Project("{FAE04EC0-301F-11D3-BF4B-00C04F79EFBC}") = "HedgeLib", "HedgeLib\HedgeLib\HedgeLib.csproj", "{EEB16FCA-FF9F-40B5-9D43-F2460AA930C8}"
EndProject
Global
	GlobalSection(SolutionConfigurationPlatforms) = preSolution
		Debug|Any CPU = Debug|Any CPU
		Release|Any CPU = Release|Any CPU
	EndGlobalSection
	GlobalSection(ProjectConfigurationPlatforms) = postSolution
		{31680D6E-063A-45B9-B55A-A814E2368685}.Debug|Any CPU.ActiveCfg = Debug|Any CPU
		{31680D6E-063A-45B9-B55A-A814E2368685}.Debug|Any CPU.Build.0 = Debug|Any CPU
		{31680D6E-063A-45B9-B55A-A814E2368685}.Release|Any CPU.ActiveCfg = Release|Any CPU
		{31680D6E-063A-45B9-B55A-A814E2368685}.Release|Any CPU.Build.0 = Release|Any CPU
		{EEB16FCA-FF9F-40B5-9D43-F2460AA930C8}.Debug|Any CPU.ActiveCfg = Debug|Any CPU
		{EEB16FCA-FF9F-40B5-9D43-F2460AA930C8}.Debug|Any CPU.Build.0 = Debug|Any CPU
		{EEB16FCA-FF9F-40B5-9D43-F2460AA930C8}.Release|Any CPU.ActiveCfg = Release|Any CPU
		{EEB16FCA-FF9F-40B5-9D43-F2460AA930C8}.Release|Any CPU.Build.0 = Release|Any CPU
	EndGlobalSection
	GlobalSection(SolutionProperties) = preSolution
		HideSolutionNode = FALSE
	EndGlobalSection
	GlobalSection(ExtensibilityGlobals) = postSolution
		SolutionGuid = {ECAA4B0C-9A79-49E6-BC6E-C18258FB363C}
	EndGlobalSection
EndGlobal
